
Microsoft Visual Studio Solution File, Format Version 12.00
Project("{FAE04EC0-301F-11D3-BF4B-00C04F79EFBC}") = "StatusBar.Avalonia", "src\StatusBar.Avalonia\StatusBar.Avalonia.csproj", "{02528608-1427-4CDD-B938-F9FD794B6D3C}"
EndProject
Project("{2150E333-8FDC-42A3-9474-1A3956D46DE8}") = "SolutionItems", "SolutionItems", "{0E2C8D18-1E47-4659-ADD5-823E7E6B4CAC}"
	ProjectSection(SolutionItems) = preProject
		.editorconfig = .editorconfig
		Settings.XamlStyler = Settings.XamlStyler
		.gitignore = .gitignore
		Directory.Packages.Props = Directory.Packages.Props
		.github\workflows\deploy.yml = .github\workflows\deploy.yml
		README.md = README.md
	EndProjectSection
EndProject
Project("{2150E333-8FDC-42A3-9474-1A3956D46DE8}") = "demo", "demo", "{9662F0D0-7A4A-4848-A2F7-D2E4785B0006}"
	ProjectSection(SolutionItems) = preProject
		demo\Directory.Packages.props = demo\Directory.Packages.props
	EndProjectSection
EndProject
Project("{2150E333-8FDC-42A3-9474-1A3956D46DE8}") = "src", "src", "{2E2B3D51-163A-4A54-A746-FC327735C564}"
EndProject
Project("{FAE04EC0-301F-11D3-BF4B-00C04F79EFBC}") = "StatusBarDemo", "demo\StatusBarDemo\StatusBarDemo.csproj", "{7C6D76E0-C919-4B80-8887-DF63537B9038}"
EndProject
Project("{FAE04EC0-301F-11D3-BF4B-00C04F79EFBC}") = "StatusBarDemo.Browser", "demo\StatusBarDemo.Browser\StatusBarDemo.Browser.csproj", "{D0574328-68C3-4F10-A0BB-222CCFFB58A0}"
EndProject
Project("{FAE04EC0-301F-11D3-BF4B-00C04F79EFBC}") = "StatusBarDemo.Desktop", "demo\StatusBarDemo.Desktop\StatusBarDemo.Desktop.csproj", "{CA26E4C3-563D-4990-AB5C-A9AA171FFE4B}"
EndProject
Global
	GlobalSection(SolutionConfigurationPlatforms) = preSolution
		Debug|Any CPU = Debug|Any CPU
		Release|Any CPU = Release|Any CPU
	EndGlobalSection
	GlobalSection(ProjectConfigurationPlatforms) = postSolution
		{02528608-1427-4CDD-B938-F9FD794B6D3C}.Debug|Any CPU.ActiveCfg = Debug|Any CPU
		{02528608-1427-4CDD-B938-F9FD794B6D3C}.Debug|Any CPU.Build.0 = Debug|Any CPU
		{02528608-1427-4CDD-B938-F9FD794B6D3C}.Release|Any CPU.ActiveCfg = Release|Any CPU
		{02528608-1427-4CDD-B938-F9FD794B6D3C}.Release|Any CPU.Build.0 = Release|Any CPU
		{7C6D76E0-C919-4B80-8887-DF63537B9038}.Debug|Any CPU.ActiveCfg = Debug|Any CPU
		{7C6D76E0-C919-4B80-8887-DF63537B9038}.Debug|Any CPU.Build.0 = Debug|Any CPU
		{7C6D76E0-C919-4B80-8887-DF63537B9038}.Release|Any CPU.ActiveCfg = Release|Any CPU
		{7C6D76E0-C919-4B80-8887-DF63537B9038}.Release|Any CPU.Build.0 = Release|Any CPU
		{D0574328-68C3-4F10-A0BB-222CCFFB58A0}.Debug|Any CPU.ActiveCfg = Debug|Any CPU
		{D0574328-68C3-4F10-A0BB-222CCFFB58A0}.Debug|Any CPU.Build.0 = Debug|Any CPU
		{D0574328-68C3-4F10-A0BB-222CCFFB58A0}.Release|Any CPU.ActiveCfg = Release|Any CPU
		{D0574328-68C3-4F10-A0BB-222CCFFB58A0}.Release|Any CPU.Build.0 = Release|Any CPU
		{CA26E4C3-563D-4990-AB5C-A9AA171FFE4B}.Debug|Any CPU.ActiveCfg = Debug|Any CPU
		{CA26E4C3-563D-4990-AB5C-A9AA171FFE4B}.Debug|Any CPU.Build.0 = Debug|Any CPU
		{CA26E4C3-563D-4990-AB5C-A9AA171FFE4B}.Release|Any CPU.ActiveCfg = Release|Any CPU
		{CA26E4C3-563D-4990-AB5C-A9AA171FFE4B}.Release|Any CPU.Build.0 = Release|Any CPU
	EndGlobalSection
	GlobalSection(NestedProjects) = preSolution
		{02528608-1427-4CDD-B938-F9FD794B6D3C} = {2E2B3D51-163A-4A54-A746-FC327735C564}
		{7C6D76E0-C919-4B80-8887-DF63537B9038} = {9662F0D0-7A4A-4848-A2F7-D2E4785B0006}
		{D0574328-68C3-4F10-A0BB-222CCFFB58A0} = {9662F0D0-7A4A-4848-A2F7-D2E4785B0006}
		{CA26E4C3-563D-4990-AB5C-A9AA171FFE4B} = {9662F0D0-7A4A-4848-A2F7-D2E4785B0006}
	EndGlobalSection
EndGlobal
